
Microsoft Visual Studio Solution File, Format Version 12.00
# Visual Studio Version 16
VisualStudioVersion = 16.0.31624.102
MinimumVisualStudioVersion = 10.0.40219.1
Project("{8BC9CEB8-8B4A-11D0-8D11-00A0C91BC942}") = "ProgLab2", "ProgLab2.vcxproj", "{96B90E3B-EE36-4C76-ADC6-FA2ECA83FA66}"
EndProject
Global
	GlobalSection(SolutionConfigurationPlatforms) = preSolution
		Debug|x64 = Debug|x64
		Debug|x86 = Debug|x86
		Release|x64 = Release|x64
		Release|x86 = Release|x86
	EndGlobalSection
	GlobalSection(ProjectConfigurationPlatforms) = postSolution
		{96B90E3B-EE36-4C76-ADC6-FA2ECA83FA66}.Debug|x64.ActiveCfg = Debug|x64
		{96B90E3B-EE36-4C76-ADC6-FA2ECA83FA66}.Debug|x64.Build.0 = Debug|x64
		{96B90E3B-EE36-4C76-ADC6-FA2ECA83FA66}.Debug|x86.ActiveCfg = Debug|Win32
		{96B90E3B-EE36-4C76-ADC6-FA2ECA83FA66}.Debug|x86.Build.0 = Debug|Win32
		{96B90E3B-EE36-4C76-ADC6-FA2ECA83FA66}.Release|x64.ActiveCfg = Release|x64
		{96B90E3B-EE36-4C76-ADC6-FA2ECA83FA66}.Release|x64.Build.0 = Release|x64
		{96B90E3B-EE36-4C76-ADC6-FA2ECA83FA66}.Release|x86.ActiveCfg = Release|Win32
		{96B90E3B-EE36-4C76-ADC6-FA2ECA83FA66}.Release|x86.Build.0 = Release|Win32
	EndGlobalSection
	GlobalSection(SolutionProperties) = preSolution
		HideSolutionNode = FALSE
	EndGlobalSection
	GlobalSection(ExtensibilityGlobals) = postSolution
		SolutionGuid = {389F8CCC-6E56-481E-9C62-8C614EE91A4C}
	EndGlobalSection
EndGlobal
